
Microsoft Visual Studio Solution File, Format Version 12.00
# Visual Studio 15
VisualStudioVersion = 15.0.28010.2048
MinimumVisualStudioVersion = 10.0.40219.1
Project("{FAE04EC0-301F-11D3-BF4B-00C04F79EFBC}") = "App1.Android", "App1\App1.Android\App1.Android.csproj", "{CA244834-D6E8-431E-9303-8F142D17FFEB}"
EndProject
Project("{FAE04EC0-301F-11D3-BF4B-00C04F79EFBC}") = "App1.iOS", "App1\App1.iOS\App1.iOS.csproj", "{19158891-292F-4E25-9237-C7771D0F17EA}"
EndProject
Project("{FAE04EC0-301F-11D3-BF4B-00C04F79EFBC}") = "App1", "App1\App1\App1.csproj", "{E8F89371-A94C-475C-AF86-C2A0FF7812B7}"
EndProject
Global
	GlobalSection(SolutionConfigurationPlatforms) = preSolution
		Ad-Hoc|Any CPU = Ad-Hoc|Any CPU
		Ad-Hoc|iPhone = Ad-Hoc|iPhone
		Ad-Hoc|iPhoneSimulator = Ad-Hoc|iPhoneSimulator
		AppStore|Any CPU = AppStore|Any CPU
		AppStore|iPhone = AppStore|iPhone
		AppStore|iPhoneSimulator = AppStore|iPhoneSimulator
		Debug|Any CPU = Debug|Any CPU
		Debug|iPhone = Debug|iPhone
		Debug|iPhoneSimulator = Debug|iPhoneSimulator
		Release|Any CPU = Release|Any CPU
		Release|iPhone = Release|iPhone
		Release|iPhoneSimulator = Release|iPhoneSimulator
	EndGlobalSection
	GlobalSection(ProjectConfigurationPlatforms) = postSolution
		{CA244834-D6E8-431E-9303-8F142D17FFEB}.Ad-Hoc|Any CPU.ActiveCfg = Release|Any CPU
		{CA244834-D6E8-431E-9303-8F142D17FFEB}.Ad-Hoc|Any CPU.Build.0 = Release|Any CPU
		{CA244834-D6E8-431E-9303-8F142D17FFEB}.Ad-Hoc|Any CPU.Deploy.0 = Release|Any CPU
		{CA244834-D6E8-431E-9303-8F142D17FFEB}.Ad-Hoc|iPhone.ActiveCfg = Release|Any CPU
		{CA244834-D6E8-431E-9303-8F142D17FFEB}.Ad-Hoc|iPhone.Build.0 = Release|Any CPU
		{CA244834-D6E8-431E-9303-8F142D17FFEB}.Ad-Hoc|iPhone.Deploy.0 = Release|Any CPU
		{CA244834-D6E8-431E-9303-8F142D17FFEB}.Ad-Hoc|iPhoneSimulator.ActiveCfg = Release|Any CPU
		{CA244834-D6E8-431E-9303-8F142D17FFEB}.Ad-Hoc|iPhoneSimulator.Build.0 = Release|Any CPU
		{CA244834-D6E8-431E-9303-8F142D17FFEB}.Ad-Hoc|iPhoneSimulator.Deploy.0 = Release|Any CPU
		{CA244834-D6E8-431E-9303-8F142D17FFEB}.AppStore|Any CPU.ActiveCfg = Release|Any CPU
		{CA244834-D6E8-431E-9303-8F142D17FFEB}.AppStore|Any CPU.Build.0 = Release|Any CPU
		{CA244834-D6E8-431E-9303-8F142D17FFEB}.AppStore|Any CPU.Deploy.0 = Release|Any CPU
		{CA244834-D6E8-431E-9303-8F142D17FFEB}.AppStore|iPhone.ActiveCfg = Release|Any CPU
		{CA244834-D6E8-431E-9303-8F142D17FFEB}.AppStore|iPhone.Build.0 = Release|Any CPU
		{CA244834-D6E8-431E-9303-8F142D17FFEB}.AppStore|iPhone.Deploy.0 = Release|Any CPU
		{CA244834-D6E8-431E-9303-8F142D17FFEB}.AppStore|iPhoneSimulator.ActiveCfg = Release|Any CPU
		{CA244834-D6E8-431E-9303-8F142D17FFEB}.AppStore|iPhoneSimulator.Build.0 = Release|Any CPU
		{CA244834-D6E8-431E-9303-8F142D17FFEB}.AppStore|iPhoneSimulator.Deploy.0 = Release|Any CPU
		{CA244834-D6E8-431E-9303-8F142D17FFEB}.Debug|Any CPU.ActiveCfg = Debug|Any CPU
		{CA244834-D6E8-431E-9303-8F142D17FFEB}.Debug|Any CPU.Build.0 = Debug|Any CPU
		{CA244834-D6E8-431E-9303-8F142D17FFEB}.Debug|Any CPU.Deploy.0 = Debug|Any CPU
		{CA244834-D6E8-431E-9303-8F142D17FFEB}.Debug|iPhone.ActiveCfg = Debug|Any CPU
		{CA244834-D6E8-431E-9303-8F142D17FFEB}.Debug|iPhone.Build.0 = Debug|Any CPU
		{CA244834-D6E8-431E-9303-8F142D17FFEB}.Debug|iPhone.Deploy.0 = Debug|Any CPU
		{CA244834-D6E8-431E-9303-8F142D17FFEB}.Debug|iPhoneSimulator.ActiveCfg = Debug|Any CPU
		{CA244834-D6E8-431E-9303-8F142D17FFEB}.Debug|iPhoneSimulator.Build.0 = Debug|Any CPU
		{CA244834-D6E8-431E-9303-8F142D17FFEB}.Debug|iPhoneSimulator.Deploy.0 = Debug|Any CPU
		{CA244834-D6E8-431E-9303-8F142D17FFEB}.Release|Any CPU.ActiveCfg = Release|Any CPU
		{CA244834-D6E8-431E-9303-8F142D17FFEB}.Release|Any CPU.Build.0 = Release|Any CPU
		{CA244834-D6E8-431E-9303-8F142D17FFEB}.Release|Any CPU.Deploy.0 = Release|Any CPU
		{CA244834-D6E8-431E-9303-8F142D17FFEB}.Release|iPhone.ActiveCfg = Release|Any CPU
		{CA244834-D6E8-431E-9303-8F142D17FFEB}.Release|iPhone.Build.0 = Release|Any CPU
		{CA244834-D6E8-431E-9303-8F142D17FFEB}.Release|iPhone.Deploy.0 = Release|Any CPU
		{CA244834-D6E8-431E-9303-8F142D17FFEB}.Release|iPhoneSimulator.ActiveCfg = Release|Any CPU
		{CA244834-D6E8-431E-9303-8F142D17FFEB}.Release|iPhoneSimulator.Build.0 = Release|Any CPU
		{CA244834-D6E8-431E-9303-8F142D17FFEB}.Release|iPhoneSimulator.Deploy.0 = Release|Any CPU
		{19158891-292F-4E25-9237-C7771D0F17EA}.Ad-Hoc|Any CPU.ActiveCfg = Ad-Hoc|iPhone
		{19158891-292F-4E25-9237-C7771D0F17EA}.Ad-Hoc|Any CPU.Build.0 = Ad-Hoc|iPhone
		{19158891-292F-4E25-9237-C7771D0F17EA}.Ad-Hoc|Any CPU.Deploy.0 = Ad-Hoc|iPhone
		{19158891-292F-4E25-9237-C7771D0F17EA}.Ad-Hoc|iPhone.ActiveCfg = Ad-Hoc|iPhone
		{19158891-292F-4E25-9237-C7771D0F17EA}.Ad-Hoc|iPhone.Build.0 = Ad-Hoc|iPhone
		{19158891-292F-4E25-9237-C7771D0F17EA}.Ad-Hoc|iPhone.Deploy.0 = Ad-Hoc|iPhone
		{19158891-292F-4E25-9237-C7771D0F17EA}.Ad-Hoc|iPhoneSimulator.ActiveCfg = Ad-Hoc|iPhoneSimulator
		{19158891-292F-4E25-9237-C7771D0F17EA}.Ad-Hoc|iPhoneSimulator.Build.0 = Ad-Hoc|iPhoneSimulator
		{19158891-292F-4E25-9237-C7771D0F17EA}.Ad-Hoc|iPhoneSimulator.Deploy.0 = Ad-Hoc|iPhoneSimulator
		{19158891-292F-4E25-9237-C7771D0F17EA}.AppStore|Any CPU.ActiveCfg = AppStore|iPhone
		{19158891-292F-4E25-9237-C7771D0F17EA}.AppStore|Any CPU.Build.0 = AppStore|iPhone
		{19158891-292F-4E25-9237-C7771D0F17EA}.AppStore|Any CPU.Deploy.0 = AppStore|iPhone
		{19158891-292F-4E25-9237-C7771D0F17EA}.AppStore|iPhone.ActiveCfg = AppStore|iPhone
		{19158891-292F-4E25-9237-C7771D0F17EA}.AppStore|iPhone.Build.0 = AppStore|iPhone
		{19158891-292F-4E25-9237-C7771D0F17EA}.AppStore|iPhone.Deploy.0 = AppStore|iPhone
		{19158891-292F-4E25-9237-C7771D0F17EA}.AppStore|iPhoneSimulator.ActiveCfg = AppStore|iPhoneSimulator
		{19158891-292F-4E25-9237-C7771D0F17EA}.AppStore|iPhoneSimulator.Build.0 = AppStore|iPhoneSimulator
		{19158891-292F-4E25-9237-C7771D0F17EA}.AppStore|iPhoneSimulator.Deploy.0 = AppStore|iPhoneSimulator
		{19158891-292F-4E25-9237-C7771D0F17EA}.Debug|Any CPU.ActiveCfg = Debug|iPhoneSimulator
		{19158891-292F-4E25-9237-C7771D0F17EA}.Debug|Any CPU.Build.0 = Debug|iPhoneSimulator
		{19158891-292F-4E25-9237-C7771D0F17EA}.Debug|Any CPU.Deploy.0 = Debug|iPhoneSimulator
		{19158891-292F-4E25-9237-C7771D0F17EA}.Debug|iPhone.ActiveCfg = Debug|iPhone
		{19158891-292F-4E25-9237-C7771D0F17EA}.Debug|iPhone.Build.0 = Debug|iPhone
		{19158891-292F-4E25-9237-C7771D0F17EA}.Debug|iPhone.Deploy.0 = Debug|iPhone
		{19158891-292F-4E25-9237-C7771D0F17EA}.Debug|iPhoneSimulator.ActiveCfg = Debug|iPhoneSimulator
		{19158891-292F-4E25-9237-C7771D0F17EA}.Debug|iPhoneSimulator.Build.0 = Debug|iPhoneSimulator
		{19158891-292F-4E25-9237-C7771D0F17EA}.Debug|iPhoneSimulator.Deploy.0 = Debug|iPhoneSimulator
		{19158891-292F-4E25-9237-C7771D0F17EA}.Release|Any CPU.ActiveCfg = Release|iPhone
		{19158891-292F-4E25-9237-C7771D0F17EA}.Release|Any CPU.Build.0 = Release|iPhone
		{19158891-292F-4E25-9237-C7771D0F17EA}.Release|Any CPU.Deploy.0 = Release|iPhone
		{19158891-292F-4E25-9237-C7771D0F17EA}.Release|iPhone.ActiveCfg = Release|iPhone
		{19158891-292F-4E25-9237-C7771D0F17EA}.Release|iPhone.Build.0 = Release|iPhone
		{19158891-292F-4E25-9237-C7771D0F17EA}.Release|iPhone.Deploy.0 = Release|iPhone
		{19158891-292F-4E25-9237-C7771D0F17EA}.Release|iPhoneSimulator.ActiveCfg = Release|iPhoneSimulator
		{19158891-292F-4E25-9237-C7771D0F17EA}.Release|iPhoneSimulator.Build.0 = Release|iPhoneSimulator
		{19158891-292F-4E25-9237-C7771D0F17EA}.Release|iPhoneSimulator.Deploy.0 = Release|iPhoneSimulator
		{E8F89371-A94C-475C-AF86-C2A0FF7812B7}.Ad-Hoc|Any CPU.ActiveCfg = Debug|Any CPU
		{E8F89371-A94C-475C-AF86-C2A0FF7812B7}.Ad-Hoc|Any CPU.Build.0 = Debug|Any CPU
		{E8F89371-A94C-475C-AF86-C2A0FF7812B7}.Ad-Hoc|Any CPU.Deploy.0 = Debug|Any CPU
		{E8F89371-A94C-475C-AF86-C2A0FF7812B7}.Ad-Hoc|iPhone.ActiveCfg = Debug|Any CPU
		{E8F89371-A94C-475C-AF86-C2A0FF7812B7}.Ad-Hoc|iPhone.Build.0 = Debug|Any CPU
		{E8F89371-A94C-475C-AF86-C2A0FF7812B7}.Ad-Hoc|iPhone.Deploy.0 = Debug|Any CPU
		{E8F89371-A94C-475C-AF86-C2A0FF7812B7}.Ad-Hoc|iPhoneSimulator.ActiveCfg = Debug|Any CPU
		{E8F89371-A94C-475C-AF86-C2A0FF7812B7}.Ad-Hoc|iPhoneSimulator.Build.0 = Debug|Any CPU
		{E8F89371-A94C-475C-AF86-C2A0FF7812B7}.Ad-Hoc|iPhoneSimulator.Deploy.0 = Debug|Any CPU
		{E8F89371-A94C-475C-AF86-C2A0FF7812B7}.AppStore|Any CPU.ActiveCfg = Debug|Any CPU
		{E8F89371-A94C-475C-AF86-C2A0FF7812B7}.AppStore|Any CPU.Build.0 = Debug|Any CPU
		{E8F89371-A94C-475C-AF86-C2A0FF7812B7}.AppStore|Any CPU.Deploy.0 = Debug|Any CPU
		{E8F89371-A94C-475C-AF86-C2A0FF7812B7}.AppStore|iPhone.ActiveCfg = Debug|Any CPU
		{E8F89371-A94C-475C-AF86-C2A0FF7812B7}.AppStore|iPhone.Build.0 = Debug|Any CPU
		{E8F89371-A94C-475C-AF86-C2A0FF7812B7}.AppStore|iPhone.Deploy.0 = Debug|Any CPU
		{E8F89371-A94C-475C-AF86-C2A0FF7812B7}.AppStore|iPhoneSimulator.ActiveCfg = Debug|Any CPU
		{E8F89371-A94C-475C-AF86-C2A0FF7812B7}.AppStore|iPhoneSimulator.Build.0 = Debug|Any CPU
		{E8F89371-A94C-475C-AF86-C2A0FF7812B7}.AppStore|iPhoneSimulator.Deploy.0 = Debug|Any CPU
		{E8F89371-A94C-475C-AF86-C2A0FF7812B7}.Debug|Any CPU.ActiveCfg = Debug|Any CPU
		{E8F89371-A94C-475C-AF86-C2A0FF7812B7}.Debug|Any CPU.Build.0 = Debug|Any CPU
		{E8F89371-A94C-475C-AF86-C2A0FF7812B7}.Debug|Any CPU.Deploy.0 = Debug|Any CPU
		{E8F89371-A94C-475C-AF86-C2A0FF7812B7}.Debug|iPhone.ActiveCfg = Debug|Any CPU
		{E8F89371-A94C-475C-AF86-C2A0FF7812B7}.Debug|iPhone.Build.0 = Debug|Any CPU
		{E8F89371-A94C-475C-AF86-C2A0FF7812B7}.Debug|iPhone.Deploy.0 = Debug|Any CPU
		{E8F89371-A94C-475C-AF86-C2A0FF7812B7}.Debug|iPhoneSimulator.ActiveCfg = Debug|Any CPU
		{E8F89371-A94C-475C-AF86-C2A0FF7812B7}.Debug|iPhoneSimulator.Build.0 = Debug|Any CPU
		{E8F89371-A94C-475C-AF86-C2A0FF7812B7}.Debug|iPhoneSimulator.Deploy.0 = Debug|Any CPU
		{E8F89371-A94C-475C-AF86-C2A0FF7812B7}.Release|Any CPU.ActiveCfg = Release|Any CPU
		{E8F89371-A94C-475C-AF86-C2A0FF7812B7}.Release|Any CPU.Build.0 = Release|Any CPU
		{E8F89371-A94C-475C-AF86-C2A0FF7812B7}.Release|Any CPU.Deploy.0 = Release|Any CPU
		{E8F89371-A94C-475C-AF86-C2A0FF7812B7}.Release|iPhone.ActiveCfg = Release|Any CPU
		{E8F89371-A94C-475C-AF86-C2A0FF7812B7}.Release|iPhone.Build.0 = Release|Any CPU
		{E8F89371-A94C-475C-AF86-C2A0FF7812B7}.Release|iPhone.Deploy.0 = Release|Any CPU
		{E8F89371-A94C-475C-AF86-C2A0FF7812B7}.Release|iPhoneSimulator.ActiveCfg = Release|Any CPU
		{E8F89371-A94C-475C-AF86-C2A0FF7812B7}.Release|iPhoneSimulator.Build.0 = Release|Any CPU
		{E8F89371-A94C-475C-AF86-C2A0FF7812B7}.Release|iPhoneSimulator.Deploy.0 = Release|Any CPU
	EndGlobalSection
	GlobalSection(SolutionProperties) = preSolution
		HideSolutionNode = FALSE
	EndGlobalSection
	GlobalSection(ExtensibilityGlobals) = postSolution
		SolutionGuid = {8ABBCEBE-BD49-48AC-BD32-8E29A42A3B95}
	EndGlobalSection
EndGlobal
